// !$*UTF8*$!
{
	archiveVersion = 1;
	classes = {
	};
	objectVersion = 46;
	objects = {

/* Begin PBXBuildFile section */
		1788E5AF008AF0001CABD06F /* libPods-ComplainManager.a in Frameworks */ = {isa = PBXBuildFile; fileRef = 9679971C0780180C9C56DF99 /* libPods-ComplainManager.a */; };
		5D3DA8221ED7F14A00AD0435 /* AddComplainModel.m in Sources */ = {isa = PBXBuildFile; fileRef = 5D3DA8211ED7F14A00AD0435 /* AddComplainModel.m */; };
		5D3DA8251ED824E600AD0435 /* ComplaintDetailViewController.m in Sources */ = {isa = PBXBuildFile; fileRef = 5D3DA8241ED824E600AD0435 /* ComplaintDetailViewController.m */; };
		5D47F5E41EFBF30100E20697 /* SidebarCell.m in Sources */ = {isa = PBXBuildFile; fileRef = 5D47F5E31EFBF30100E20697 /* SidebarCell.m */; };
		5D4E1C021ED2EE44008B68F4 /* UIView+Toast.m in Sources */ = {isa = PBXBuildFile; fileRef = 5D4E1C011ED2EE44008B68F4 /* UIView+Toast.m */; };
		5D4E1C0E1ED30687008B68F4 /* ComplainDetailCell.m in Sources */ = {isa = PBXBuildFile; fileRef = 5D4E1C0D1ED30687008B68F4 /* ComplainDetailCell.m */; };
		5D61ADC91F2F3FA600AC1DF2 /* ImagePreviewViewController.m in Sources */ = {isa = PBXBuildFile; fileRef = 5D61ADC81F2F3FA600AC1DF2 /* ImagePreviewViewController.m */; };
		5D7549811ECC5FBA00A775E4 /* NSString+CustomString.m in Sources */ = {isa = PBXBuildFile; fileRef = 5D7549801ECC5FBA00A775E4 /* NSString+CustomString.m */; };
		5D864D0A1ECADE97007FFC16 /* ComplainListDataModel.m in Sources */ = {isa = PBXBuildFile; fileRef = 5D864D091ECADE96007FFC16 /* ComplainListDataModel.m */; };
		5D864D0E1ECAFEA5007FFC16 /* ComplainService.m in Sources */ = {isa = PBXBuildFile; fileRef = 5D864D0D1ECAFEA5007FFC16 /* ComplainService.m */; };
		5D864D191ECB170C007FFC16 /* GlobalViewController.m in Sources */ = {isa = PBXBuildFile; fileRef = 5D864D181ECB170C007FFC16 /* GlobalViewController.m */; };
		5D8F63A51EC9B22A00111138 /* SCLAlertView.m in Sources */ = {isa = PBXBuildFile; fileRef = 5D8F63971EC9B22A00111138 /* SCLAlertView.m */; };
		5D8F63A61EC9B22A00111138 /* SCLButton.m in Sources */ = {isa = PBXBuildFile; fileRef = 5D8F63991EC9B22A00111138 /* SCLButton.m */; };
		5D8F63A71EC9B22A00111138 /* SCLAlertViewResponder.m in Sources */ = {isa = PBXBuildFile; fileRef = 5D8F639B1EC9B22A00111138 /* SCLAlertViewResponder.m */; };
		5D8F63A81EC9B22A00111138 /* SCLAlertViewStyleKit.m in Sources */ = {isa = PBXBuildFile; fileRef = 5D8F639D1EC9B22A00111138 /* SCLAlertViewStyleKit.m */; };
		5D8F63A91EC9B22A00111138 /* SCLTimerDisplay.m in Sources */ = {isa = PBXBuildFile; fileRef = 5D8F63A01EC9B22A00111138 /* SCLTimerDisplay.m */; };
		5D8F63AA1EC9B22A00111138 /* SCLTextView.m in Sources */ = {isa = PBXBuildFile; fileRef = 5D8F63A21EC9B22A00111138 /* SCLTextView.m */; };
		5D8F63AB1EC9B22A00111138 /* SCLSwitchView.m in Sources */ = {isa = PBXBuildFile; fileRef = 5D8F63A41EC9B22A00111138 /* SCLSwitchView.m */; };
		5D8F63AE1EC9B35B00111138 /* UIImage+ImageEffects.m in Sources */ = {isa = PBXBuildFile; fileRef = 5D8F63AD1EC9B35B00111138 /* UIImage+ImageEffects.m */; };
		5D8F63B61EC9BADD00111138 /* Roboto-Black.ttf in Resources */ = {isa = PBXBuildFile; fileRef = 5D8F63B01EC9BADD00111138 /* Roboto-Black.ttf */; };
		5D8F63B71EC9BADD00111138 /* Roboto-Bold.ttf in Resources */ = {isa = PBXBuildFile; fileRef = 5D8F63B11EC9BADD00111138 /* Roboto-Bold.ttf */; };
		5D8F63B81EC9BADD00111138 /* Roboto-Italic.ttf in Resources */ = {isa = PBXBuildFile; fileRef = 5D8F63B21EC9BADD00111138 /* Roboto-Italic.ttf */; };
		5D8F63B91EC9BADD00111138 /* Roboto-Light.ttf in Resources */ = {isa = PBXBuildFile; fileRef = 5D8F63B31EC9BADD00111138 /* Roboto-Light.ttf */; };
		5D8F63BA1EC9BADD00111138 /* Roboto-Medium.ttf in Resources */ = {isa = PBXBuildFile; fileRef = 5D8F63B41EC9BADD00111138 /* Roboto-Medium.ttf */; };
		5D8F63BB1EC9BADD00111138 /* Roboto-Regular.ttf in Resources */ = {isa = PBXBuildFile; fileRef = 5D8F63B51EC9BADD00111138 /* Roboto-Regular.ttf */; };
		5D965A811ECD57D900748EAC /* AddComplainCell.m in Sources */ = {isa = PBXBuildFile; fileRef = 5D965A801ECD57D900748EAC /* AddComplainCell.m */; };
		5D984B3C1EF39DA70074E29C /* TenantsListViewController.m in Sources */ = {isa = PBXBuildFile; fileRef = 5D984B3B1EF39DA70074E29C /* TenantsListViewController.m */; };
		5D984B411EF3A4090074E29C /* TenantsListCell.m in Sources */ = {isa = PBXBuildFile; fileRef = 5D984B401EF3A4090074E29C /* TenantsListCell.m */; };
		5D984B451EF3AB060074E29C /* TenantsListModel.m in Sources */ = {isa = PBXBuildFile; fileRef = 5D984B441EF3AB060074E29C /* TenantsListModel.m */; };
		5D984B4A1EF3D0CC0074E29C /* ProfileTableCell.m in Sources */ = {isa = PBXBuildFile; fileRef = 5D984B491EF3D0CC0074E29C /* ProfileTableCell.m */; };
		5D984B4E1EF3D8540074E29C /* ProfileDataModel.m in Sources */ = {isa = PBXBuildFile; fileRef = 5D984B4D1EF3D8540074E29C /* ProfileDataModel.m */; };
		5DB168961ECE9DCC00E0A8E2 /* SidebarViewController.m in Sources */ = {isa = PBXBuildFile; fileRef = 5DB168951ECE9DCC00E0A8E2 /* SidebarViewController.m */; };
		5DB1689B1ECE9DF300E0A8E2 /* SWRevealViewController.m in Sources */ = {isa = PBXBuildFile; fileRef = 5DB1689A1ECE9DF300E0A8E2 /* SWRevealViewController.m */; };
		5DB1689F1ECEB46B00E0A8E2 /* ChangePasswordViewController.m in Sources */ = {isa = PBXBuildFile; fileRef = 5DB1689E1ECEB46B00E0A8E2 /* ChangePasswordViewController.m */; };
		5DBE049F1ECC54DE005EC7A2 /* ComplainListingViewController.m in Sources */ = {isa = PBXBuildFile; fileRef = 5DBE049C1ECC54DE005EC7A2 /* ComplainListingViewController.m */; };
		5DBE04A01ECC54DE005EC7A2 /* ComplainListingCell.m in Sources */ = {isa = PBXBuildFile; fileRef = 5DBE049E1ECC54DE005EC7A2 /* ComplainListingCell.m */; };
		5DC047891EDC146400B31D51 /* EditProfileViewController.m in Sources */ = {isa = PBXBuildFile; fileRef = 5DC047881EDC146400B31D51 /* EditProfileViewController.m */; };
		5DC0478D1EDC3FD400B31D51 /* CommentsModel.m in Sources */ = {isa = PBXBuildFile; fileRef = 5DC0478C1EDC3FD400B31D51 /* CommentsModel.m */; };
		5DCE18571ECC79E900F542BE /* UserProfileViewController.m in Sources */ = {isa = PBXBuildFile; fileRef = 5DCE18561ECC79E900F542BE /* UserProfileViewController.m */; };
		5DCE185B1ECC7A8F00F542BE /* AddComplainViewController.m in Sources */ = {isa = PBXBuildFile; fileRef = 5DCE185A1ECC7A8F00F542BE /* AddComplainViewController.m */; };
		5DCE88B81F0E1DDE001DD526 /* UIImage+UIImage_fixOrientation.m in Sources */ = {isa = PBXBuildFile; fileRef = 5DCE88B71F0E1DDE001DD526 /* UIImage+UIImage_fixOrientation.m */; };
		5DD316111EC5AC80008FF487 /* main.m in Sources */ = {isa = PBXBuildFile; fileRef = 5DD316101EC5AC80008FF487 /* main.m */; };
		5DD316141EC5AC80008FF487 /* AppDelegate.m in Sources */ = {isa = PBXBuildFile; fileRef = 5DD316131EC5AC80008FF487 /* AppDelegate.m */; };
		5DD3161A1EC5AC80008FF487 /* Main.storyboard in Resources */ = {isa = PBXBuildFile; fileRef = 5DD316181EC5AC80008FF487 /* Main.storyboard */; };
		5DD3161C1EC5AC80008FF487 /* Assets.xcassets in Resources */ = {isa = PBXBuildFile; fileRef = 5DD3161B1EC5AC80008FF487 /* Assets.xcassets */; };
		5DD316341EC5ADF8008FF487 /* UserDefaultManager.m in Sources */ = {isa = PBXBuildFile; fileRef = 5DD316331EC5ADF8008FF487 /* UserDefaultManager.m */; };
		5DD316371EC5AE04008FF487 /* UncaughtExceptionHandler.m in Sources */ = {isa = PBXBuildFile; fileRef = 5DD316361EC5AE04008FF487 /* UncaughtExceptionHandler.m */; };
		5DD3163A1EC5AE1E008FF487 /* NullValueChecker.m in Sources */ = {isa = PBXBuildFile; fileRef = 5DD316391EC5AE1E008FF487 /* NullValueChecker.m */; };
		5DD316421EC5AECA008FF487 /* UIView+RoundedCorner.m in Sources */ = {isa = PBXBuildFile; fileRef = 5DD316411EC5AECA008FF487 /* UIView+RoundedCorner.m */; };
		5DD316491EC5AEE4008FF487 /* UIPlaceHolderTextView.m in Sources */ = {isa = PBXBuildFile; fileRef = 5DD316471EC5AEE4008FF487 /* UIPlaceHolderTextView.m */; };
		5DD3164D1EC5AEF7008FF487 /* UITextField+Validations.m in Sources */ = {isa = PBXBuildFile; fileRef = 5DD3164C1EC5AEF7008FF487 /* UITextField+Validations.m */; };
		5DD316511EC5AF10008FF487 /* MMMaterialDesignSpinner.m in Sources */ = {isa = PBXBuildFile; fileRef = 5DD316501EC5AF10008FF487 /* MMMaterialDesignSpinner.m */; };
		5DD316551EC5AF25008FF487 /* BSKeyboardControls.m in Sources */ = {isa = PBXBuildFile; fileRef = 5DD316541EC5AF25008FF487 /* BSKeyboardControls.m */; };
		5DD3165A1EC5AF6A008FF487 /* LoginViewController.m in Sources */ = {isa = PBXBuildFile; fileRef = 5DD316591EC5AF6A008FF487 /* LoginViewController.m */; };
		5DD3165F1EC5AF91008FF487 /* ForgotPasswordViewController.m in Sources */ = {isa = PBXBuildFile; fileRef = 5DD3165E1EC5AF91008FF487 /* ForgotPasswordViewController.m */; };
		5DD316621EC5AFF9008FF487 /* UserNotifications.framework in Frameworks */ = {isa = PBXBuildFile; fileRef = 5DD316611EC5AFF9008FF487 /* UserNotifications.framework */; };
		5DD316651EC5B15C008FF487 /* Webservice.m in Sources */ = {isa = PBXBuildFile; fileRef = 5DD316641EC5B15C008FF487 /* Webservice.m */; };
		5DD3166A1EC5C2E9008FF487 /* UserService.m in Sources */ = {isa = PBXBuildFile; fileRef = 5DD316691EC5C2E9008FF487 /* UserService.m */; };
/* End PBXBuildFile section */

/* Begin PBXFileReference section */
		5D3DA8201ED7F14A00AD0435 /* AddComplainModel.h */ = {isa = PBXFileReference; fileEncoding = 4; lastKnownFileType = sourcecode.c.h; path = AddComplainModel.h; sourceTree = "<group>"; };
		5D3DA8211ED7F14A00AD0435 /* AddComplainModel.m */ = {isa = PBXFileReference; fileEncoding = 4; lastKnownFileType = sourcecode.c.objc; path = AddComplainModel.m; sourceTree = "<group>"; };
		5D3DA8231ED824E600AD0435 /* ComplaintDetailViewController.h */ = {isa = PBXFileReference; fileEncoding = 4; lastKnownFileType = sourcecode.c.h; path = ComplaintDetailViewController.h; sourceTree = "<group>"; };
		5D3DA8241ED824E600AD0435 /* ComplaintDetailViewController.m */ = {isa = PBXFileReference; fileEncoding = 4; lastKnownFileType = sourcecode.c.objc; path = ComplaintDetailViewController.m; sourceTree = "<group>"; };
		5D47F5E21EFBF30100E20697 /* SidebarCell.h */ = {isa = PBXFileReference; fileEncoding = 4; lastKnownFileType = sourcecode.c.h; path = SidebarCell.h; sourceTree = "<group>"; };
		5D47F5E31EFBF30100E20697 /* SidebarCell.m */ = {isa = PBXFileReference; fileEncoding = 4; lastKnownFileType = sourcecode.c.objc; path = SidebarCell.m; sourceTree = "<group>"; };
		5D4E1C001ED2EE44008B68F4 /* UIView+Toast.h */ = {isa = PBXFileReference; fileEncoding = 4; lastKnownFileType = sourcecode.c.h; path = "UIView+Toast.h"; sourceTree = "<group>"; };
		5D4E1C011ED2EE44008B68F4 /* UIView+Toast.m */ = {isa = PBXFileReference; fileEncoding = 4; lastKnownFileType = sourcecode.c.objc; path = "UIView+Toast.m"; sourceTree = "<group>"; };
		5D4E1C0C1ED30687008B68F4 /* ComplainDetailCell.h */ = {isa = PBXFileReference; fileEncoding = 4; lastKnownFileType = sourcecode.c.h; path = ComplainDetailCell.h; sourceTree = "<group>"; };
		5D4E1C0D1ED30687008B68F4 /* ComplainDetailCell.m */ = {isa = PBXFileReference; fileEncoding = 4; lastKnownFileType = sourcecode.c.objc; path = ComplainDetailCell.m; sourceTree = "<group>"; };
		5D61ADC71F2F3FA600AC1DF2 /* ImagePreviewViewController.h */ = {isa = PBXFileReference; fileEncoding = 4; lastKnownFileType = sourcecode.c.h; path = ImagePreviewViewController.h; sourceTree = "<group>"; };
		5D61ADC81F2F3FA600AC1DF2 /* ImagePreviewViewController.m */ = {isa = PBXFileReference; fileEncoding = 4; lastKnownFileType = sourcecode.c.objc; path = ImagePreviewViewController.m; sourceTree = "<group>"; };
		5D75497F1ECC5FBA00A775E4 /* NSString+CustomString.h */ = {isa = PBXFileReference; fileEncoding = 4; lastKnownFileType = sourcecode.c.h; path = "NSString+CustomString.h"; sourceTree = "<group>"; };
		5D7549801ECC5FBA00A775E4 /* NSString+CustomString.m */ = {isa = PBXFileReference; fileEncoding = 4; lastKnownFileType = sourcecode.c.objc; path = "NSString+CustomString.m"; sourceTree = "<group>"; };
		5D864D081ECADE96007FFC16 /* ComplainListDataModel.h */ = {isa = PBXFileReference; fileEncoding = 4; lastKnownFileType = sourcecode.c.h; path = ComplainListDataModel.h; sourceTree = "<group>"; };
		5D864D091ECADE96007FFC16 /* ComplainListDataModel.m */ = {isa = PBXFileReference; fileEncoding = 4; lastKnownFileType = sourcecode.c.objc; path = ComplainListDataModel.m; sourceTree = "<group>"; };
		5D864D0C1ECAFEA5007FFC16 /* ComplainService.h */ = {isa = PBXFileReference; fileEncoding = 4; lastKnownFileType = sourcecode.c.h; path = ComplainService.h; sourceTree = "<group>"; };
		5D864D0D1ECAFEA5007FFC16 /* ComplainService.m */ = {isa = PBXFileReference; fileEncoding = 4; lastKnownFileType = sourcecode.c.objc; path = ComplainService.m; sourceTree = "<group>"; };
		5D864D171ECB170C007FFC16 /* GlobalViewController.h */ = {isa = PBXFileReference; fileEncoding = 4; lastKnownFileType = sourcecode.c.h; path = GlobalViewController.h; sourceTree = "<group>"; };
		5D864D181ECB170C007FFC16 /* GlobalViewController.m */ = {isa = PBXFileReference; fileEncoding = 4; lastKnownFileType = sourcecode.c.objc; path = GlobalViewController.m; sourceTree = "<group>"; };
		5D8F63961EC9B22A00111138 /* SCLAlertView.h */ = {isa = PBXFileReference; fileEncoding = 4; lastKnownFileType = sourcecode.c.h; path = SCLAlertView.h; sourceTree = "<group>"; };
		5D8F63971EC9B22A00111138 /* SCLAlertView.m */ = {isa = PBXFileReference; fileEncoding = 4; lastKnownFileType = sourcecode.c.objc; lineEnding = 0; path = SCLAlertView.m; sourceTree = "<group>"; xcLanguageSpecificationIdentifier = xcode.lang.objc; };
		5D8F63981EC9B22A00111138 /* SCLButton.h */ = {isa = PBXFileReference; fileEncoding = 4; lastKnownFileType = sourcecode.c.h; path = SCLButton.h; sourceTree = "<group>"; };
		5D8F63991EC9B22A00111138 /* SCLButton.m */ = {isa = PBXFileReference; fileEncoding = 4; lastKnownFileType = sourcecode.c.objc; path = SCLButton.m; sourceTree = "<group>"; };
		5D8F639A1EC9B22A00111138 /* SCLAlertViewResponder.h */ = {isa = PBXFileReference; fileEncoding = 4; lastKnownFileType = sourcecode.c.h; path = SCLAlertViewResponder.h; sourceTree = "<group>"; };
		5D8F639B1EC9B22A00111138 /* SCLAlertViewResponder.m */ = {isa = PBXFileReference; fileEncoding = 4; lastKnownFileType = sourcecode.c.objc; path = SCLAlertViewResponder.m; sourceTree = "<group>"; };
		5D8F639C1EC9B22A00111138 /* SCLAlertViewStyleKit.h */ = {isa = PBXFileReference; fileEncoding = 4; lastKnownFileType = sourcecode.c.h; path = SCLAlertViewStyleKit.h; sourceTree = "<group>"; };
		5D8F639D1EC9B22A00111138 /* SCLAlertViewStyleKit.m */ = {isa = PBXFileReference; fileEncoding = 4; lastKnownFileType = sourcecode.c.objc; path = SCLAlertViewStyleKit.m; sourceTree = "<group>"; };
		5D8F639E1EC9B22A00111138 /* SCLMacros.h */ = {isa = PBXFileReference; fileEncoding = 4; lastKnownFileType = sourcecode.c.h; path = SCLMacros.h; sourceTree = "<group>"; };
		5D8F639F1EC9B22A00111138 /* SCLTimerDisplay.h */ = {isa = PBXFileReference; fileEncoding = 4; lastKnownFileType = sourcecode.c.h; path = SCLTimerDisplay.h; sourceTree = "<group>"; };
		5D8F63A01EC9B22A00111138 /* SCLTimerDisplay.m */ = {isa = PBXFileReference; fileEncoding = 4; lastKnownFileType = sourcecode.c.objc; path = SCLTimerDisplay.m; sourceTree = "<group>"; };
		5D8F63A11EC9B22A00111138 /* SCLTextView.h */ = {isa = PBXFileReference; fileEncoding = 4; lastKnownFileType = sourcecode.c.h; path = SCLTextView.h; sourceTree = "<group>"; };
		5D8F63A21EC9B22A00111138 /* SCLTextView.m */ = {isa = PBXFileReference; fileEncoding = 4; lastKnownFileType = sourcecode.c.objc; path = SCLTextView.m; sourceTree = "<group>"; };
		5D8F63A31EC9B22A00111138 /* SCLSwitchView.h */ = {isa = PBXFileReference; fileEncoding = 4; lastKnownFileType = sourcecode.c.h; path = SCLSwitchView.h; sourceTree = "<group>"; };
		5D8F63A41EC9B22A00111138 /* SCLSwitchView.m */ = {isa = PBXFileReference; fileEncoding = 4; lastKnownFileType = sourcecode.c.objc; path = SCLSwitchView.m; sourceTree = "<group>"; };
		5D8F63AC1EC9B35B00111138 /* UIImage+ImageEffects.h */ = {isa = PBXFileReference; fileEncoding = 4; lastKnownFileType = sourcecode.c.h; path = "UIImage+ImageEffects.h"; sourceTree = "<group>"; };
		5D8F63AD1EC9B35B00111138 /* UIImage+ImageEffects.m */ = {isa = PBXFileReference; fileEncoding = 4; lastKnownFileType = sourcecode.c.objc; path = "UIImage+ImageEffects.m"; sourceTree = "<group>"; };
		5D8F63B01EC9BADD00111138 /* Roboto-Black.ttf */ = {isa = PBXFileReference; lastKnownFileType = file; path = "Roboto-Black.ttf"; sourceTree = "<group>"; };
		5D8F63B11EC9BADD00111138 /* Roboto-Bold.ttf */ = {isa = PBXFileReference; lastKnownFileType = file; path = "Roboto-Bold.ttf"; sourceTree = "<group>"; };
		5D8F63B21EC9BADD00111138 /* Roboto-Italic.ttf */ = {isa = PBXFileReference; lastKnownFileType = file; path = "Roboto-Italic.ttf"; sourceTree = "<group>"; };
		5D8F63B31EC9BADD00111138 /* Roboto-Light.ttf */ = {isa = PBXFileReference; lastKnownFileType = file; path = "Roboto-Light.ttf"; sourceTree = "<group>"; };
		5D8F63B41EC9BADD00111138 /* Roboto-Medium.ttf */ = {isa = PBXFileReference; lastKnownFileType = file; path = "Roboto-Medium.ttf"; sourceTree = "<group>"; };
		5D8F63B51EC9BADD00111138 /* Roboto-Regular.ttf */ = {isa = PBXFileReference; lastKnownFileType = file; path = "Roboto-Regular.ttf"; sourceTree = "<group>"; };
		5D965A7F1ECD57D900748EAC /* AddComplainCell.h */ = {isa = PBXFileReference; fileEncoding = 4; lastKnownFileType = sourcecode.c.h; path = AddComplainCell.h; sourceTree = "<group>"; };
		5D965A801ECD57D900748EAC /* AddComplainCell.m */ = {isa = PBXFileReference; fileEncoding = 4; lastKnownFileType = sourcecode.c.objc; path = AddComplainCell.m; sourceTree = "<group>"; };
		5D984B3A1EF39DA70074E29C /* TenantsListViewController.h */ = {isa = PBXFileReference; fileEncoding = 4; lastKnownFileType = sourcecode.c.h; path = TenantsListViewController.h; sourceTree = "<group>"; };
		5D984B3B1EF39DA70074E29C /* TenantsListViewController.m */ = {isa = PBXFileReference; fileEncoding = 4; lastKnownFileType = sourcecode.c.objc; path = TenantsListViewController.m; sourceTree = "<group>"; };
		5D984B3F1EF3A4090074E29C /* TenantsListCell.h */ = {isa = PBXFileReference; fileEncoding = 4; lastKnownFileType = sourcecode.c.h; path = TenantsListCell.h; sourceTree = "<group>"; };
		5D984B401EF3A4090074E29C /* TenantsListCell.m */ = {isa = PBXFileReference; fileEncoding = 4; lastKnownFileType = sourcecode.c.objc; path = TenantsListCell.m; sourceTree = "<group>"; };
		5D984B431EF3AB060074E29C /* TenantsListModel.h */ = {isa = PBXFileReference; fileEncoding = 4; lastKnownFileType = sourcecode.c.h; path = TenantsListModel.h; sourceTree = "<group>"; };
		5D984B441EF3AB060074E29C /* TenantsListModel.m */ = {isa = PBXFileReference; fileEncoding = 4; lastKnownFileType = sourcecode.c.objc; path = TenantsListModel.m; sourceTree = "<group>"; };
		5D984B481EF3D0CC0074E29C /* ProfileTableCell.h */ = {isa = PBXFileReference; fileEncoding = 4; lastKnownFileType = sourcecode.c.h; path = ProfileTableCell.h; sourceTree = "<group>"; };
		5D984B491EF3D0CC0074E29C /* ProfileTableCell.m */ = {isa = PBXFileReference; fileEncoding = 4; lastKnownFileType = sourcecode.c.objc; path = ProfileTableCell.m; sourceTree = "<group>"; };
		5D984B4C1EF3D8540074E29C /* ProfileDataModel.h */ = {isa = PBXFileReference; fileEncoding = 4; lastKnownFileType = sourcecode.c.h; path = ProfileDataModel.h; sourceTree = "<group>"; };
		5D984B4D1EF3D8540074E29C /* ProfileDataModel.m */ = {isa = PBXFileReference; fileEncoding = 4; lastKnownFileType = sourcecode.c.objc; path = ProfileDataModel.m; sourceTree = "<group>"; };
		5DB168941ECE9DCC00E0A8E2 /* SidebarViewController.h */ = {isa = PBXFileReference; fileEncoding = 4; lastKnownFileType = sourcecode.c.h; path = SidebarViewController.h; sourceTree = "<group>"; };
		5DB168951ECE9DCC00E0A8E2 /* SidebarViewController.m */ = {isa = PBXFileReference; fileEncoding = 4; lastKnownFileType = sourcecode.c.objc; path = SidebarViewController.m; sourceTree = "<group>"; };
		5DB168991ECE9DF300E0A8E2 /* SWRevealViewController.h */ = {isa = PBXFileReference; fileEncoding = 4; lastKnownFileType = sourcecode.c.h; path = SWRevealViewController.h; sourceTree = "<group>"; };
		5DB1689A1ECE9DF300E0A8E2 /* SWRevealViewController.m */ = {isa = PBXFileReference; fileEncoding = 4; lastKnownFileType = sourcecode.c.objc; path = SWRevealViewController.m; sourceTree = "<group>"; };
		5DB1689D1ECEB46B00E0A8E2 /* ChangePasswordViewController.h */ = {isa = PBXFileReference; fileEncoding = 4; lastKnownFileType = sourcecode.c.h; path = ChangePasswordViewController.h; sourceTree = "<group>"; };
		5DB1689E1ECEB46B00E0A8E2 /* ChangePasswordViewController.m */ = {isa = PBXFileReference; fileEncoding = 4; lastKnownFileType = sourcecode.c.objc; lineEnding = 0; path = ChangePasswordViewController.m; sourceTree = "<group>"; xcLanguageSpecificationIdentifier = xcode.lang.objc; };
		5DBE04981ECC1F1D005EC7A2 /* ComplainManager.entitlements */ = {isa = PBXFileReference; lastKnownFileType = text.plist.entitlements; path = ComplainManager.entitlements; sourceTree = "<group>"; };
		5DBE049B1ECC54DE005EC7A2 /* ComplainListingViewController.h */ = {isa = PBXFileReference; fileEncoding = 4; lastKnownFileType = sourcecode.c.h; path = ComplainListingViewController.h; sourceTree = "<group>"; };
		5DBE049C1ECC54DE005EC7A2 /* ComplainListingViewController.m */ = {isa = PBXFileReference; fileEncoding = 4; lastKnownFileType = sourcecode.c.objc; path = ComplainListingViewController.m; sourceTree = "<group>"; };
		5DBE049D1ECC54DE005EC7A2 /* ComplainListingCell.h */ = {isa = PBXFileReference; fileEncoding = 4; lastKnownFileType = sourcecode.c.h; path = ComplainListingCell.h; sourceTree = "<group>"; };
		5DBE049E1ECC54DE005EC7A2 /* ComplainListingCell.m */ = {isa = PBXFileReference; fileEncoding = 4; lastKnownFileType = sourcecode.c.objc; path = ComplainListingCell.m; sourceTree = "<group>"; };
		5DC047871EDC146400B31D51 /* EditProfileViewController.h */ = {isa = PBXFileReference; fileEncoding = 4; lastKnownFileType = sourcecode.c.h; path = EditProfileViewController.h; sourceTree = "<group>"; };
		5DC047881EDC146400B31D51 /* EditProfileViewController.m */ = {isa = PBXFileReference; fileEncoding = 4; lastKnownFileType = sourcecode.c.objc; path = EditProfileViewController.m; sourceTree = "<group>"; };
		5DC0478B1EDC3FD400B31D51 /* CommentsModel.h */ = {isa = PBXFileReference; fileEncoding = 4; lastKnownFileType = sourcecode.c.h; path = CommentsModel.h; sourceTree = "<group>"; };
		5DC0478C1EDC3FD400B31D51 /* CommentsModel.m */ = {isa = PBXFileReference; fileEncoding = 4; lastKnownFileType = sourcecode.c.objc; path = CommentsModel.m; sourceTree = "<group>"; };
		5DCE18551ECC79E900F542BE /* UserProfileViewController.h */ = {isa = PBXFileReference; fileEncoding = 4; lastKnownFileType = sourcecode.c.h; path = UserProfileViewController.h; sourceTree = "<group>"; };
		5DCE18561ECC79E900F542BE /* UserProfileViewController.m */ = {isa = PBXFileReference; fileEncoding = 4; lastKnownFileType = sourcecode.c.objc; path = UserProfileViewController.m; sourceTree = "<group>"; };
		5DCE18591ECC7A8F00F542BE /* AddComplainViewController.h */ = {isa = PBXFileReference; fileEncoding = 4; lastKnownFileType = sourcecode.c.h; path = AddComplainViewController.h; sourceTree = "<group>"; };
		5DCE185A1ECC7A8F00F542BE /* AddComplainViewController.m */ = {isa = PBXFileReference; fileEncoding = 4; lastKnownFileType = sourcecode.c.objc; lineEnding = 0; path = AddComplainViewController.m; sourceTree = "<group>"; xcLanguageSpecificationIdentifier = xcode.lang.objc; };
		5DCE88B61F0E1DDE001DD526 /* UIImage+UIImage_fixOrientation.h */ = {isa = PBXFileReference; fileEncoding = 4; lastKnownFileType = sourcecode.c.h; path = "UIImage+UIImage_fixOrientation.h"; sourceTree = "<group>"; };
		5DCE88B71F0E1DDE001DD526 /* UIImage+UIImage_fixOrientation.m */ = {isa = PBXFileReference; fileEncoding = 4; lastKnownFileType = sourcecode.c.objc; path = "UIImage+UIImage_fixOrientation.m"; sourceTree = "<group>"; };
		5DD3160C1EC5AC80008FF487 /* ComplainManager.app */ = {isa = PBXFileReference; explicitFileType = wrapper.application; includeInIndex = 0; path = ComplainManager.app; sourceTree = BUILT_PRODUCTS_DIR; };
		5DD316101EC5AC80008FF487 /* main.m */ = {isa = PBXFileReference; lastKnownFileType = sourcecode.c.objc; path = main.m; sourceTree = "<group>"; };
		5DD316121EC5AC80008FF487 /* AppDelegate.h */ = {isa = PBXFileReference; lastKnownFileType = sourcecode.c.h; path = AppDelegate.h; sourceTree = "<group>"; };
		5DD316131EC5AC80008FF487 /* AppDelegate.m */ = {isa = PBXFileReference; lastKnownFileType = sourcecode.c.objc; path = AppDelegate.m; sourceTree = "<group>"; };
		5DD316191EC5AC80008FF487 /* Base */ = {isa = PBXFileReference; lastKnownFileType = file.storyboard; name = Base; path = Base.lproj/Main.storyboard; sourceTree = "<group>"; };
		5DD3161B1EC5AC80008FF487 /* Assets.xcassets */ = {isa = PBXFileReference; lastKnownFileType = folder.assetcatalog; path = Assets.xcassets; sourceTree = "<group>"; };
		5DD316201EC5AC80008FF487 /* Info.plist */ = {isa = PBXFileReference; lastKnownFileType = text.plist.xml; path = Info.plist; sourceTree = "<group>"; };
		5DD316321EC5ADF8008FF487 /* UserDefaultManager.h */ = {isa = PBXFileReference; fileEncoding = 4; lastKnownFileType = sourcecode.c.h; path = UserDefaultManager.h; sourceTree = "<group>"; };
		5DD316331EC5ADF8008FF487 /* UserDefaultManager.m */ = {isa = PBXFileReference; fileEncoding = 4; lastKnownFileType = sourcecode.c.objc; path = UserDefaultManager.m; sourceTree = "<group>"; };
		5DD316351EC5AE04008FF487 /* UncaughtExceptionHandler.h */ = {isa = PBXFileReference; fileEncoding = 4; lastKnownFileType = sourcecode.c.h; path = UncaughtExceptionHandler.h; sourceTree = "<group>"; };
		5DD316361EC5AE04008FF487 /* UncaughtExceptionHandler.m */ = {isa = PBXFileReference; fileEncoding = 4; lastKnownFileType = sourcecode.c.objc; path = UncaughtExceptionHandler.m; sourceTree = "<group>"; };
		5DD316381EC5AE1E008FF487 /* NullValueChecker.h */ = {isa = PBXFileReference; fileEncoding = 4; lastKnownFileType = sourcecode.c.h; path = NullValueChecker.h; sourceTree = "<group>"; };
		5DD316391EC5AE1E008FF487 /* NullValueChecker.m */ = {isa = PBXFileReference; fileEncoding = 4; lastKnownFileType = sourcecode.c.objc; path = NullValueChecker.m; sourceTree = "<group>"; };
		5DD316401EC5AECA008FF487 /* UIView+RoundedCorner.h */ = {isa = PBXFileReference; fileEncoding = 4; lastKnownFileType = sourcecode.c.h; path = "UIView+RoundedCorner.h"; sourceTree = "<group>"; };
		5DD316411EC5AECA008FF487 /* UIView+RoundedCorner.m */ = {isa = PBXFileReference; fileEncoding = 4; lastKnownFileType = sourcecode.c.objc; path = "UIView+RoundedCorner.m"; sourceTree = "<group>"; };
		5DD316461EC5AEE4008FF487 /* UIPlaceHolderTextView.h */ = {isa = PBXFileReference; fileEncoding = 4; lastKnownFileType = sourcecode.c.h; path = UIPlaceHolderTextView.h; sourceTree = "<group>"; };
		5DD316471EC5AEE4008FF487 /* UIPlaceHolderTextView.m */ = {isa = PBXFileReference; fileEncoding = 4; lastKnownFileType = sourcecode.c.objc; path = UIPlaceHolderTextView.m; sourceTree = "<group>"; };
		5DD3164B1EC5AEF7008FF487 /* UITextField+Validations.h */ = {isa = PBXFileReference; fileEncoding = 4; lastKnownFileType = sourcecode.c.h; path = "UITextField+Validations.h"; sourceTree = "<group>"; };
		5DD3164C1EC5AEF7008FF487 /* UITextField+Validations.m */ = {isa = PBXFileReference; fileEncoding = 4; lastKnownFileType = sourcecode.c.objc; path = "UITextField+Validations.m"; sourceTree = "<group>"; };
		5DD3164F1EC5AF10008FF487 /* MMMaterialDesignSpinner.h */ = {isa = PBXFileReference; fileEncoding = 4; lastKnownFileType = sourcecode.c.h; path = MMMaterialDesignSpinner.h; sourceTree = "<group>"; };
		5DD316501EC5AF10008FF487 /* MMMaterialDesignSpinner.m */ = {isa = PBXFileReference; fileEncoding = 4; lastKnownFileType = sourcecode.c.objc; path = MMMaterialDesignSpinner.m; sourceTree = "<group>"; };
		5DD316531EC5AF25008FF487 /* BSKeyboardControls.h */ = {isa = PBXFileReference; fileEncoding = 4; lastKnownFileType = sourcecode.c.h; path = BSKeyboardControls.h; sourceTree = "<group>"; };
		5DD316541EC5AF25008FF487 /* BSKeyboardControls.m */ = {isa = PBXFileReference; fileEncoding = 4; lastKnownFileType = sourcecode.c.objc; path = BSKeyboardControls.m; sourceTree = "<group>"; };
		5DD316581EC5AF6A008FF487 /* LoginViewController.h */ = {isa = PBXFileReference; fileEncoding = 4; lastKnownFileType = sourcecode.c.h; path = LoginViewController.h; sourceTree = "<group>"; };
		5DD316591EC5AF6A008FF487 /* LoginViewController.m */ = {isa = PBXFileReference; fileEncoding = 4; lastKnownFileType = sourcecode.c.objc; lineEnding = 0; path = LoginViewController.m; sourceTree = "<group>"; xcLanguageSpecificationIdentifier = xcode.lang.objc; };
		5DD3165D1EC5AF91008FF487 /* ForgotPasswordViewController.h */ = {isa = PBXFileReference; fileEncoding = 4; lastKnownFileType = sourcecode.c.h; path = ForgotPasswordViewController.h; sourceTree = "<group>"; };
		5DD3165E1EC5AF91008FF487 /* ForgotPasswordViewController.m */ = {isa = PBXFileReference; fileEncoding = 4; lastKnownFileType = sourcecode.c.objc; lineEnding = 0; path = ForgotPasswordViewController.m; sourceTree = "<group>"; xcLanguageSpecificationIdentifier = xcode.lang.objc; };
		5DD316611EC5AFF9008FF487 /* UserNotifications.framework */ = {isa = PBXFileReference; lastKnownFileType = wrapper.framework; name = UserNotifications.framework; path = System/Library/Frameworks/UserNotifications.framework; sourceTree = SDKROOT; };
		5DD316631EC5B15C008FF487 /* Webservice.h */ = {isa = PBXFileReference; fileEncoding = 4; lastKnownFileType = sourcecode.c.h; path = Webservice.h; sourceTree = "<group>"; };
		5DD316641EC5B15C008FF487 /* Webservice.m */ = {isa = PBXFileReference; fileEncoding = 4; lastKnownFileType = sourcecode.c.objc; path = Webservice.m; sourceTree = "<group>"; };
		5DD316671EC5BDAF008FF487 /* ComplainManager.pch */ = {isa = PBXFileReference; lastKnownFileType = sourcecode.c.h; path = ComplainManager.pch; sourceTree = "<group>"; };
		5DD316681EC5C2E9008FF487 /* UserService.h */ = {isa = PBXFileReference; fileEncoding = 4; lastKnownFileType = sourcecode.c.h; path = UserService.h; sourceTree = "<group>"; };
		5DD316691EC5C2E9008FF487 /* UserService.m */ = {isa = PBXFileReference; fileEncoding = 4; lastKnownFileType = sourcecode.c.objc; path = UserService.m; sourceTree = "<group>"; };
		6ADE74EED77968A5D6227DF3 /* Pods-ComplainManager.debug.xcconfig */ = {isa = PBXFileReference; includeInIndex = 1; lastKnownFileType = text.xcconfig; name = "Pods-ComplainManager.debug.xcconfig"; path = "Pods/Target Support Files/Pods-ComplainManager/Pods-ComplainManager.debug.xcconfig"; sourceTree = "<group>"; };
		9679971C0780180C9C56DF99 /* libPods-ComplainManager.a */ = {isa = PBXFileReference; explicitFileType = archive.ar; includeInIndex = 0; path = "libPods-ComplainManager.a"; sourceTree = BUILT_PRODUCTS_DIR; };
		C2227B00158D3FC418BA2FE7 /* Pods-ComplainManager.release.xcconfig */ = {isa = PBXFileReference; includeInIndex = 1; lastKnownFileType = text.xcconfig; name = "Pods-ComplainManager.release.xcconfig"; path = "Pods/Target Support Files/Pods-ComplainManager/Pods-ComplainManager.release.xcconfig"; sourceTree = "<group>"; };
/* End PBXFileReference section */

/* Begin PBXFrameworksBuildPhase section */
		5DD316091EC5AC80008FF487 /* Frameworks */ = {
			isa = PBXFrameworksBuildPhase;
			buildActionMask = 2147483647;
			files = (
				5DD316621EC5AFF9008FF487 /* UserNotifications.framework in Frameworks */,
				1788E5AF008AF0001CABD06F /* libPods-ComplainManager.a in Frameworks */,
			);
			runOnlyForDeploymentPostprocessing = 0;
		};
/* End PBXFrameworksBuildPhase section */

/* Begin PBXGroup section */
		5D34CCE41F302C1700D0A765 /* ImagePreview */ = {
			isa = PBXGroup;
			children = (
				5D61ADC71F2F3FA600AC1DF2 /* ImagePreviewViewController.h */,
				5D61ADC81F2F3FA600AC1DF2 /* ImagePreviewViewController.m */,
			);
			name = ImagePreview;
			sourceTree = "<group>";
		};
		5D3DA81F1ED7F11600AD0435 /* AddComplainModel */ = {
			isa = PBXGroup;
			children = (
				5D3DA8201ED7F14A00AD0435 /* AddComplainModel.h */,
				5D3DA8211ED7F14A00AD0435 /* AddComplainModel.m */,
			);
			name = AddComplainModel;
			sourceTree = "<group>";
		};
		5D3DA8261ED8260C00AD0435 /* ComplaintDetailView */ = {
			isa = PBXGroup;
			children = (
				5D3DA8231ED824E600AD0435 /* ComplaintDetailViewController.h */,
				5D3DA8241ED824E600AD0435 /* ComplaintDetailViewController.m */,
			);
			name = ComplaintDetailView;
			sourceTree = "<group>";
		};
		5D4E1BFF1ED2EE30008B68F4 /* ToastFile */ = {
			isa = PBXGroup;
			children = (
				5D4E1C001ED2EE44008B68F4 /* UIView+Toast.h */,
				5D4E1C011ED2EE44008B68F4 /* UIView+Toast.m */,
			);
			name = ToastFile;
			sourceTree = "<group>";
		};
		5D4E1C0B1ED30665008B68F4 /* ComplainDetailCell */ = {
			isa = PBXGroup;
			children = (
				5D4E1C0C1ED30687008B68F4 /* ComplainDetailCell.h */,
				5D4E1C0D1ED30687008B68F4 /* ComplainDetailCell.m */,
			);
			name = ComplainDetailCell;
			sourceTree = "<group>";
		};
		5D7549821ECC5FDB00A775E4 /* CustomString */ = {
			isa = PBXGroup;
			children = (
				5D75497F1ECC5FBA00A775E4 /* NSString+CustomString.h */,
				5D7549801ECC5FBA00A775E4 /* NSString+CustomString.m */,
			);
			name = CustomString;
			sourceTree = "<group>";
		};
		5D864D061ECADE43007FFC16 /* ComplainListDataModel */ = {
			isa = PBXGroup;
			children = (
				5D864D081ECADE96007FFC16 /* ComplainListDataModel.h */,
				5D864D091ECADE96007FFC16 /* ComplainListDataModel.m */,
			);
			name = ComplainListDataModel;
			sourceTree = "<group>";
		};
		5D864D071ECADE6D007FFC16 /* ComplainModel */ = {
			isa = PBXGroup;
			children = (
				5D984B421EF3AAE70074E29C /* TenantsListModel */,
				5DC0478A1EDC3F8400B31D51 /* ComplainDetailModel */,
				5D864D061ECADE43007FFC16 /* ComplainListDataModel */,
				5D3DA81F1ED7F11600AD0435 /* AddComplainModel */,
			);
			name = ComplainModel;
			sourceTree = "<group>";
		};
		5D864D0B1ECAFE32007FFC16 /* ComplainServiceModule */ = {
			isa = PBXGroup;
			children = (
				5D864D0C1ECAFEA5007FFC16 /* ComplainService.h */,
				5D864D0D1ECAFEA5007FFC16 /* ComplainService.m */,
			);
			name = ComplainServiceModule;
			sourceTree = "<group>";
		};
		5D864D0F1ECB0D08007FFC16 /* GlobalViewController */ = {
			isa = PBXGroup;
			children = (
				5D864D171ECB170C007FFC16 /* GlobalViewController.h */,
				5D864D181ECB170C007FFC16 /* GlobalViewController.m */,
			);
			name = GlobalViewController;
			sourceTree = "<group>";
		};
		5D8F63951EC9B21800111138 /* AlertView */ = {
			isa = PBXGroup;
			children = (
				5D8F63AC1EC9B35B00111138 /* UIImage+ImageEffects.h */,
				5D8F63AD1EC9B35B00111138 /* UIImage+ImageEffects.m */,
				5D8F63961EC9B22A00111138 /* SCLAlertView.h */,
				5D8F63971EC9B22A00111138 /* SCLAlertView.m */,
				5D8F63981EC9B22A00111138 /* SCLButton.h */,
				5D8F63991EC9B22A00111138 /* SCLButton.m */,
				5D8F639A1EC9B22A00111138 /* SCLAlertViewResponder.h */,
				5D8F639B1EC9B22A00111138 /* SCLAlertViewResponder.m */,
				5D8F639C1EC9B22A00111138 /* SCLAlertViewStyleKit.h */,
				5D8F639D1EC9B22A00111138 /* SCLAlertViewStyleKit.m */,
				5D8F639E1EC9B22A00111138 /* SCLMacros.h */,
				5D8F639F1EC9B22A00111138 /* SCLTimerDisplay.h */,
				5D8F63A01EC9B22A00111138 /* SCLTimerDisplay.m */,
				5D8F63A11EC9B22A00111138 /* SCLTextView.h */,
				5D8F63A21EC9B22A00111138 /* SCLTextView.m */,
				5D8F63A31EC9B22A00111138 /* SCLSwitchView.h */,
				5D8F63A41EC9B22A00111138 /* SCLSwitchView.m */,
			);
			name = AlertView;
			sourceTree = "<group>";
		};
		5D8F63AF1EC9BACD00111138 /* Font */ = {
			isa = PBXGroup;
			children = (
				5D8F63B01EC9BADD00111138 /* Roboto-Black.ttf */,
				5D8F63B11EC9BADD00111138 /* Roboto-Bold.ttf */,
				5D8F63B21EC9BADD00111138 /* Roboto-Italic.ttf */,
				5D8F63B31EC9BADD00111138 /* Roboto-Light.ttf */,
				5D8F63B41EC9BADD00111138 /* Roboto-Medium.ttf */,
				5D8F63B51EC9BADD00111138 /* Roboto-Regular.ttf */,
			);
			name = Font;
			sourceTree = "<group>";
		};
		5D984B391EF39D4E0074E29C /* TenantsListView */ = {
			isa = PBXGroup;
			children = (
				5D984B3E1EF3A3DD0074E29C /* TenantsList */,
				5D984B3D1EF3A3D90074E29C /* TenantsListCell */,
			);
			name = TenantsListView;
			sourceTree = "<group>";
		};
		5D984B3D1EF3A3D90074E29C /* TenantsListCell */ = {
			isa = PBXGroup;
			children = (
				5D984B3F1EF3A4090074E29C /* TenantsListCell.h */,
				5D984B401EF3A4090074E29C /* TenantsListCell.m */,
			);
			name = TenantsListCell;
			sourceTree = "<group>";
		};
		5D984B3E1EF3A3DD0074E29C /* TenantsList */ = {
			isa = PBXGroup;
			children = (
				5D984B3A1EF39DA70074E29C /* TenantsListViewController.h */,
				5D984B3B1EF39DA70074E29C /* TenantsListViewController.m */,
			);
			name = TenantsList;
			sourceTree = "<group>";
		};
		5D984B421EF3AAE70074E29C /* TenantsListModel */ = {
			isa = PBXGroup;
			children = (
				5D984B431EF3AB060074E29C /* TenantsListModel.h */,
				5D984B441EF3AB060074E29C /* TenantsListModel.m */,
			);
			name = TenantsListModel;
			sourceTree = "<group>";
		};
		5D984B461EF3D0650074E29C /* UserProfileCell */ = {
			isa = PBXGroup;
			children = (
				5D984B481EF3D0CC0074E29C /* ProfileTableCell.h */,
				5D984B491EF3D0CC0074E29C /* ProfileTableCell.m */,
			);
			name = UserProfileCell;
			sourceTree = "<group>";
		};
		5D984B471EF3D0690074E29C /* UserProfileView */ = {
			isa = PBXGroup;
			children = (
				5DCE18551ECC79E900F542BE /* UserProfileViewController.h */,
				5DCE18561ECC79E900F542BE /* UserProfileViewController.m */,
			);
			name = UserProfileView;
			sourceTree = "<group>";
		};
		5D984B4B1EF3D82E0074E29C /* ProfileModel */ = {
			isa = PBXGroup;
			children = (
				5D984B4C1EF3D8540074E29C /* ProfileDataModel.h */,
				5D984B4D1EF3D8540074E29C /* ProfileDataModel.m */,
			);
			name = ProfileModel;
			sourceTree = "<group>";
		};
		5DB168971ECE9DCF00E0A8E2 /* SideBar */ = {
			isa = PBXGroup;
			children = (
				5DB168941ECE9DCC00E0A8E2 /* SidebarViewController.h */,
				5DB168951ECE9DCC00E0A8E2 /* SidebarViewController.m */,
				5D47F5E21EFBF30100E20697 /* SidebarCell.h */,
				5D47F5E31EFBF30100E20697 /* SidebarCell.m */,
			);
			name = SideBar;
			sourceTree = "<group>";
		};
		5DB168981ECE9DE900E0A8E2 /* SWRevealViewController */ = {
			isa = PBXGroup;
			children = (
				5DB168991ECE9DF300E0A8E2 /* SWRevealViewController.h */,
				5DB1689A1ECE9DF300E0A8E2 /* SWRevealViewController.m */,
			);
			name = SWRevealViewController;
			sourceTree = "<group>";
		};
		5DB1689C1ECEB44400E0A8E2 /* ChangePassword */ = {
			isa = PBXGroup;
			children = (
				5DB1689D1ECEB46B00E0A8E2 /* ChangePasswordViewController.h */,
				5DB1689E1ECEB46B00E0A8E2 /* ChangePasswordViewController.m */,
			);
			name = ChangePassword;
			sourceTree = "<group>";
		};
		5DB168A01ECEF5F900E0A8E2 /* ComplainDetails */ = {
			isa = PBXGroup;
			children = (
				5D3DA8261ED8260C00AD0435 /* ComplaintDetailView */,
				5D4E1C0B1ED30665008B68F4 /* ComplainDetailCell */,
			);
			name = ComplainDetails;
			sourceTree = "<group>";
		};
		5DB168A41ECEF66100E0A8E2 /* AddComplainCell */ = {
			isa = PBXGroup;
			children = (
				5D965A7F1ECD57D900748EAC /* AddComplainCell.h */,
				5D965A801ECD57D900748EAC /* AddComplainCell.m */,
			);
			name = AddComplainCell;
			sourceTree = "<group>";
		};
		5DBE04991ECC54AB005EC7A2 /* DashboardModule */ = {
			isa = PBXGroup;
			children = (
				5D34CCE41F302C1700D0A765 /* ImagePreview */,
				5DBE049A1ECC54CF005EC7A2 /* ComplainListing */,
				5DB168A01ECEF5F900E0A8E2 /* ComplainDetails */,
				5DCE18581ECC7A7200F542BE /* AddComplainModule */,
				5DCE18541ECC76E700F542BE /* UserProfileModule */,
				5D984B391EF39D4E0074E29C /* TenantsListView */,
			);
			name = DashboardModule;
			sourceTree = "<group>";
		};
		5DBE049A1ECC54CF005EC7A2 /* ComplainListing */ = {
			isa = PBXGroup;
			children = (
				5DBE04A21ECC54E5005EC7A2 /* ComplainListingView */,
				5DBE04A11ECC54E2005EC7A2 /* ComplainListingCell */,
			);
			name = ComplainListing;
			sourceTree = "<group>";
		};
		5DBE04A11ECC54E2005EC7A2 /* ComplainListingCell */ = {
			isa = PBXGroup;
			children = (
				5DBE049D1ECC54DE005EC7A2 /* ComplainListingCell.h */,
				5DBE049E1ECC54DE005EC7A2 /* ComplainListingCell.m */,
			);
			name = ComplainListingCell;
			sourceTree = "<group>";
		};
		5DBE04A21ECC54E5005EC7A2 /* ComplainListingView */ = {
			isa = PBXGroup;
			children = (
				5DBE049B1ECC54DE005EC7A2 /* ComplainListingViewController.h */,
				5DBE049C1ECC54DE005EC7A2 /* ComplainListingViewController.m */,
			);
			name = ComplainListingView;
			sourceTree = "<group>";
		};
		5DC047851EDC143D00B31D51 /* MyProfileView */ = {
			isa = PBXGroup;
			children = (
				5D984B471EF3D0690074E29C /* UserProfileView */,
				5D984B461EF3D0650074E29C /* UserProfileCell */,
			);
			name = MyProfileView;
			sourceTree = "<group>";
		};
		5DC047861EDC144700B31D51 /* EditProfileView */ = {
			isa = PBXGroup;
			children = (
				5DC047871EDC146400B31D51 /* EditProfileViewController.h */,
				5DC047881EDC146400B31D51 /* EditProfileViewController.m */,
			);
			name = EditProfileView;
			sourceTree = "<group>";
		};
		5DC0478A1EDC3F8400B31D51 /* ComplainDetailModel */ = {
			isa = PBXGroup;
			children = (
				5DC0478B1EDC3FD400B31D51 /* CommentsModel.h */,
				5DC0478C1EDC3FD400B31D51 /* CommentsModel.m */,
			);
			name = ComplainDetailModel;
			sourceTree = "<group>";
		};
		5DCE18541ECC76E700F542BE /* UserProfileModule */ = {
			isa = PBXGroup;
			children = (
				5DC047861EDC144700B31D51 /* EditProfileView */,
				5DC047851EDC143D00B31D51 /* MyProfileView */,
			);
			name = UserProfileModule;
			sourceTree = "<group>";
		};
		5DCE18581ECC7A7200F542BE /* AddComplainModule */ = {
			isa = PBXGroup;
			children = (
				5DCE185E1ECC7F2700F542BE /* AddComplainView */,
				5DB168A41ECEF66100E0A8E2 /* AddComplainCell */,
			);
			name = AddComplainModule;
			sourceTree = "<group>";
		};
		5DCE185E1ECC7F2700F542BE /* AddComplainView */ = {
			isa = PBXGroup;
			children = (
				5DCE18591ECC7A8F00F542BE /* AddComplainViewController.h */,
				5DCE185A1ECC7A8F00F542BE /* AddComplainViewController.m */,
			);
			name = AddComplainView;
			sourceTree = "<group>";
		};
		5DCE88B51F0E1DC8001DD526 /* ImageOrientationCategory */ = {
			isa = PBXGroup;
			children = (
				5DCE88B61F0E1DDE001DD526 /* UIImage+UIImage_fixOrientation.h */,
				5DCE88B71F0E1DDE001DD526 /* UIImage+UIImage_fixOrientation.m */,
			);
			name = ImageOrientationCategory;
			sourceTree = "<group>";
		};
		5DD316031EC5AC80008FF487 = {
			isa = PBXGroup;
			children = (
				5DD3160E1EC5AC80008FF487 /* ComplainManager */,
				5DD3160D1EC5AC80008FF487 /* Products */,
				5DD316601EC5AFF8008FF487 /* Frameworks */,
				8A7302D5078964B8FFA4CC13 /* Pods */,
			);
			sourceTree = "<group>";
		};
		5DD3160D1EC5AC80008FF487 /* Products */ = {
			isa = PBXGroup;
			children = (
				5DD3160C1EC5AC80008FF487 /* ComplainManager.app */,
			);
			name = Products;
			sourceTree = "<group>";
		};
		5DD3160E1EC5AC80008FF487 /* ComplainManager */ = {
			isa = PBXGroup;
			children = (
				5DBE04981ECC1F1D005EC7A2 /* ComplainManager.entitlements */,
				5DD316261EC5AC87008FF487 /* AppDelegate */,
				5DD316291EC5ACC1008FF487 /* Classes */,
				5DD316281EC5ACBF008FF487 /* Supporting Files */,
				5DD316181EC5AC80008FF487 /* Main.storyboard */,
			);
			path = ComplainManager;
			sourceTree = "<group>";
		};
		5DD316261EC5AC87008FF487 /* AppDelegate */ = {
			isa = PBXGroup;
			children = (
				5DD316121EC5AC80008FF487 /* AppDelegate.h */,
				5DD316131EC5AC80008FF487 /* AppDelegate.m */,
			);
			name = AppDelegate;
			sourceTree = "<group>";
		};
		5DD316281EC5ACBF008FF487 /* Supporting Files */ = {
			isa = PBXGroup;
			children = (
				5D8F63AF1EC9BACD00111138 /* Font */,
				5DD316671EC5BDAF008FF487 /* ComplainManager.pch */,
				5DD316101EC5AC80008FF487 /* main.m */,
				5DD3161B1EC5AC80008FF487 /* Assets.xcassets */,
				5DD316201EC5AC80008FF487 /* Info.plist */,
			);
			name = "Supporting Files";
			sourceTree = "<group>";
		};
		5DD316291EC5ACC1008FF487 /* Classes */ = {
			isa = PBXGroup;
			children = (
				5DD3162E1EC5AD8B008FF487 /* SupportingClasses */,
				5DD3162D1EC5AD88008FF487 /* Model */,
				5DD3162C1EC5AD86008FF487 /* Views */,
				5DD3162B1EC5AD83008FF487 /* Controllers */,
			);
			name = Classes;
			sourceTree = "<group>";
		};
		5DD3162B1EC5AD83008FF487 /* Controllers */ = {
			isa = PBXGroup;
			children = (
				5D864D0F1ECB0D08007FFC16 /* GlobalViewController */,
				5DB168981ECE9DE900E0A8E2 /* SWRevealViewController */,
				5DB168971ECE9DCF00E0A8E2 /* SideBar */,
				5DBE04991ECC54AB005EC7A2 /* DashboardModule */,
				5DD316561EC5AF48008FF487 /* LoginModule */,
			);
			name = Controllers;
			sourceTree = "<group>";
		};
		5DD3162C1EC5AD86008FF487 /* Views */ = {
			isa = PBXGroup;
			children = (
				5D4E1BFF1ED2EE30008B68F4 /* ToastFile */,
				5D7549821ECC5FDB00A775E4 /* CustomString */,
				5D8F63951EC9B21800111138 /* AlertView */,
				5DD316521EC5AF1D008FF487 /* BSKeyboardControls */,
				5DD3164E1EC5AF09008FF487 /* MMMaterialDesignSpinner */,
				5DD3164A1EC5AEEF008FF487 /* ValidationCategory */,
				5DD316431EC5AED4008FF487 /* PaddingCategory */,
				5DD3163F1EC5AEAB008FF487 /* CornderRadiusAndBorder */,
			);
			name = Views;
			sourceTree = "<group>";
		};
		5DD3162D1EC5AD88008FF487 /* Model */ = {
			isa = PBXGroup;
			children = (
				5DD3163B1EC5AE46008FF487 /* Webservice */,
				5DD3163E1EC5AE89008FF487 /* DataModel */,
			);
			name = Model;
			sourceTree = "<group>";
		};
		5DD3162E1EC5AD8B008FF487 /* SupportingClasses */ = {
			isa = PBXGroup;
			children = (
				5DCE88B51F0E1DC8001DD526 /* ImageOrientationCategory */,
				5DD316311EC5ADD0008FF487 /* Crashlytics */,
				5DD316301EC5ADCD008FF487 /* NullHandler */,
				5DD3162F1EC5ADC9008FF487 /* DefaultManager */,
			);
			name = SupportingClasses;
			sourceTree = "<group>";
		};
		5DD3162F1EC5ADC9008FF487 /* DefaultManager */ = {
			isa = PBXGroup;
			children = (
				5DD316321EC5ADF8008FF487 /* UserDefaultManager.h */,
				5DD316331EC5ADF8008FF487 /* UserDefaultManager.m */,
			);
			name = DefaultManager;
			sourceTree = "<group>";
		};
		5DD316301EC5ADCD008FF487 /* NullHandler */ = {
			isa = PBXGroup;
			children = (
				5DD316381EC5AE1E008FF487 /* NullValueChecker.h */,
				5DD316391EC5AE1E008FF487 /* NullValueChecker.m */,
			);
			name = NullHandler;
			sourceTree = "<group>";
		};
		5DD316311EC5ADD0008FF487 /* Crashlytics */ = {
			isa = PBXGroup;
			children = (
				5DD316351EC5AE04008FF487 /* UncaughtExceptionHandler.h */,
				5DD316361EC5AE04008FF487 /* UncaughtExceptionHandler.m */,
			);
			name = Crashlytics;
			sourceTree = "<group>";
		};
		5DD3163B1EC5AE46008FF487 /* Webservice */ = {
			isa = PBXGroup;
			children = (
				5DD3163C1EC5AE54008FF487 /* GlobalService */,
				5DD3163D1EC5AE63008FF487 /* UserServiceModule */,
				5D864D0B1ECAFE32007FFC16 /* ComplainServiceModule */,
			);
			name = Webservice;
			sourceTree = "<group>";
		};
		5DD3163C1EC5AE54008FF487 /* GlobalService */ = {
			isa = PBXGroup;
			children = (
				5DD316631EC5B15C008FF487 /* Webservice.h */,
				5DD316641EC5B15C008FF487 /* Webservice.m */,
			);
			name = GlobalService;
			sourceTree = "<group>";
		};
		5DD3163D1EC5AE63008FF487 /* UserServiceModule */ = {
			isa = PBXGroup;
			children = (
				5DD316681EC5C2E9008FF487 /* UserService.h */,
				5DD316691EC5C2E9008FF487 /* UserService.m */,
			);
			name = UserServiceModule;
			sourceTree = "<group>";
		};
		5DD3163E1EC5AE89008FF487 /* DataModel */ = {
			isa = PBXGroup;
			children = (
				5D984B4B1EF3D82E0074E29C /* ProfileModel */,
				5D864D071ECADE6D007FFC16 /* ComplainModel */,
			);
			name = DataModel;
			sourceTree = "<group>";
		};
		5DD3163F1EC5AEAB008FF487 /* CornderRadiusAndBorder */ = {
			isa = PBXGroup;
			children = (
				5DD316401EC5AECA008FF487 /* UIView+RoundedCorner.h */,
				5DD316411EC5AECA008FF487 /* UIView+RoundedCorner.m */,
			);
			name = CornderRadiusAndBorder;
			sourceTree = "<group>";
		};
		5DD316431EC5AED4008FF487 /* PaddingCategory */ = {
			isa = PBXGroup;
			children = (
				5DD316461EC5AEE4008FF487 /* UIPlaceHolderTextView.h */,
				5DD316471EC5AEE4008FF487 /* UIPlaceHolderTextView.m */,
			);
			name = PaddingCategory;
			sourceTree = "<group>";
		};
		5DD3164A1EC5AEEF008FF487 /* ValidationCategory */ = {
			isa = PBXGroup;
			children = (
				5DD3164B1EC5AEF7008FF487 /* UITextField+Validations.h */,
				5DD3164C1EC5AEF7008FF487 /* UITextField+Validations.m */,
			);
			name = ValidationCategory;
			sourceTree = "<group>";
		};
		5DD3164E1EC5AF09008FF487 /* MMMaterialDesignSpinner */ = {
			isa = PBXGroup;
			children = (
				5DD3164F1EC5AF10008FF487 /* MMMaterialDesignSpinner.h */,
				5DD316501EC5AF10008FF487 /* MMMaterialDesignSpinner.m */,
			);
			name = MMMaterialDesignSpinner;
			sourceTree = "<group>";
		};
		5DD316521EC5AF1D008FF487 /* BSKeyboardControls */ = {
			isa = PBXGroup;
			children = (
				5DD316531EC5AF25008FF487 /* BSKeyboardControls.h */,
				5DD316541EC5AF25008FF487 /* BSKeyboardControls.m */,
			);
			name = BSKeyboardControls;
			sourceTree = "<group>";
		};
		5DD316561EC5AF48008FF487 /* LoginModule */ = {
			isa = PBXGroup;
			children = (
				5DB1689C1ECEB44400E0A8E2 /* ChangePassword */,
				5DD316571EC5AF55008FF487 /* LoginViewController */,
				5DD3165B1EC5AF7D008FF487 /* ForgotPasswordViewController */,
			);
			name = LoginModule;
			sourceTree = "<group>";
		};
		5DD316571EC5AF55008FF487 /* LoginViewController */ = {
			isa = PBXGroup;
			children = (
				5DD316581EC5AF6A008FF487 /* LoginViewController.h */,
				5DD316591EC5AF6A008FF487 /* LoginViewController.m */,
			);
			name = LoginViewController;
			sourceTree = "<group>";
		};
		5DD3165B1EC5AF7D008FF487 /* ForgotPasswordViewController */ = {
			isa = PBXGroup;
			children = (
				5DD3165D1EC5AF91008FF487 /* ForgotPasswordViewController.h */,
				5DD3165E1EC5AF91008FF487 /* ForgotPasswordViewController.m */,
			);
			name = ForgotPasswordViewController;
			sourceTree = "<group>";
		};
		5DD316601EC5AFF8008FF487 /* Frameworks */ = {
			isa = PBXGroup;
			children = (
				5DD316611EC5AFF9008FF487 /* UserNotifications.framework */,
				9679971C0780180C9C56DF99 /* libPods-ComplainManager.a */,
			);
			name = Frameworks;
			sourceTree = "<group>";
		};
		8A7302D5078964B8FFA4CC13 /* Pods */ = {
			isa = PBXGroup;
			children = (
				6ADE74EED77968A5D6227DF3 /* Pods-ComplainManager.debug.xcconfig */,
				C2227B00158D3FC418BA2FE7 /* Pods-ComplainManager.release.xcconfig */,
			);
			name = Pods;
			sourceTree = "<group>";
		};
/* End PBXGroup section */

/* Begin PBXNativeTarget section */
		5DD3160B1EC5AC80008FF487 /* ComplainManager */ = {
			isa = PBXNativeTarget;
			buildConfigurationList = 5DD316231EC5AC80008FF487 /* Build configuration list for PBXNativeTarget "ComplainManager" */;
			buildPhases = (
				E09BEA51253615441886FDB4 /* [CP] Check Pods Manifest.lock */,
				5DD316081EC5AC80008FF487 /* Sources */,
				5DD316091EC5AC80008FF487 /* Frameworks */,
				5DD3160A1EC5AC80008FF487 /* Resources */,
				A2B574C36450D10CCE211A20 /* [CP] Embed Pods Frameworks */,
				79DBED9AE8A22654A86FC8B7 /* [CP] Copy Pods Resources */,
			);
			buildRules = (
			);
			dependencies = (
			);
			name = ComplainManager;
			productName = ComplainManager;
			productReference = 5DD3160C1EC5AC80008FF487 /* ComplainManager.app */;
			productType = "com.apple.product-type.application";
		};
/* End PBXNativeTarget section */

/* Begin PBXProject section */
		5DD316041EC5AC80008FF487 /* Project object */ = {
			isa = PBXProject;
			attributes = {
				LastUpgradeCheck = 0820;
				ORGANIZATIONNAME = "Monika Sharma";
				TargetAttributes = {
					5DD3160B1EC5AC80008FF487 = {
						CreatedOnToolsVersion = 8.2.1;
						DevelopmentTeam = M8A7BYS443;
						ProvisioningStyle = Manual;
						SystemCapabilities = {
							com.apple.BackgroundModes = {
								enabled = 1;
							};
							com.apple.Push = {
								enabled = 1;
							};
						};
					};
				};
			};
			buildConfigurationList = 5DD316071EC5AC80008FF487 /* Build configuration list for PBXProject "ComplainManager" */;
			compatibilityVersion = "Xcode 3.2";
			developmentRegion = English;
			hasScannedForEncodings = 0;
			knownRegions = (
				en,
				Base,
			);
			mainGroup = 5DD316031EC5AC80008FF487;
			productRefGroup = 5DD3160D1EC5AC80008FF487 /* Products */;
			projectDirPath = "";
			projectRoot = "";
			targets = (
				5DD3160B1EC5AC80008FF487 /* ComplainManager */,
			);
		};
/* End PBXProject section */

/* Begin PBXResourcesBuildPhase section */
		5DD3160A1EC5AC80008FF487 /* Resources */ = {
			isa = PBXResourcesBuildPhase;
			buildActionMask = 2147483647;
			files = (
				5D8F63BA1EC9BADD00111138 /* Roboto-Medium.ttf in Resources */,
				5D8F63B81EC9BADD00111138 /* Roboto-Italic.ttf in Resources */,
				5DD3161C1EC5AC80008FF487 /* Assets.xcassets in Resources */,
				5D8F63B71EC9BADD00111138 /* Roboto-Bold.ttf in Resources */,
				5D8F63B91EC9BADD00111138 /* Roboto-Light.ttf in Resources */,
				5D8F63BB1EC9BADD00111138 /* Roboto-Regular.ttf in Resources */,
				5DD3161A1EC5AC80008FF487 /* Main.storyboard in Resources */,
				5D8F63B61EC9BADD00111138 /* Roboto-Black.ttf in Resources */,
			);
			runOnlyForDeploymentPostprocessing = 0;
		};
/* End PBXResourcesBuildPhase section */

/* Begin PBXShellScriptBuildPhase section */
		79DBED9AE8A22654A86FC8B7 /* [CP] Copy Pods Resources */ = {
			isa = PBXShellScriptBuildPhase;
			buildActionMask = 2147483647;
			files = (
			);
			inputPaths = (
			);
			name = "[CP] Copy Pods Resources";
			outputPaths = (
			);
			runOnlyForDeploymentPostprocessing = 0;
			shellPath = /bin/sh;
			shellScript = "\"${SRCROOT}/Pods/Target Support Files/Pods-ComplainManager/Pods-ComplainManager-resources.sh\"\n";
			showEnvVarsInLog = 0;
		};
		A2B574C36450D10CCE211A20 /* [CP] Embed Pods Frameworks */ = {
			isa = PBXShellScriptBuildPhase;
			buildActionMask = 2147483647;
			files = (
			);
			inputPaths = (
			);
			name = "[CP] Embed Pods Frameworks";
			outputPaths = (
			);
			runOnlyForDeploymentPostprocessing = 0;
			shellPath = /bin/sh;
			shellScript = "\"${SRCROOT}/Pods/Target Support Files/Pods-ComplainManager/Pods-ComplainManager-frameworks.sh\"\n";
			showEnvVarsInLog = 0;
		};
		E09BEA51253615441886FDB4 /* [CP] Check Pods Manifest.lock */ = {
			isa = PBXShellScriptBuildPhase;
			buildActionMask = 2147483647;
			files = (
			);
			inputPaths = (
			);
			name = "[CP] Check Pods Manifest.lock";
			outputPaths = (
			);
			runOnlyForDeploymentPostprocessing = 0;
			shellPath = /bin/sh;
			shellScript = "diff \"${PODS_ROOT}/../Podfile.lock\" \"${PODS_ROOT}/Manifest.lock\" > /dev/null\nif [ $? != 0 ] ; then\n    # print error to STDERR\n    echo \"error: The sandbox is not in sync with the Podfile.lock. Run 'pod install' or update your CocoaPods installation.\" >&2\n    exit 1\nfi\n";
			showEnvVarsInLog = 0;
		};
/* End PBXShellScriptBuildPhase section */

/* Begin PBXSourcesBuildPhase section */
		5DD316081EC5AC80008FF487 /* Sources */ = {
			isa = PBXSourcesBuildPhase;
			buildActionMask = 2147483647;
			files = (
				5DD3164D1EC5AEF7008FF487 /* UITextField+Validations.m in Sources */,
				5D984B411EF3A4090074E29C /* TenantsListCell.m in Sources */,
				5DD3163A1EC5AE1E008FF487 /* NullValueChecker.m in Sources */,
				5DC047891EDC146400B31D51 /* EditProfileViewController.m in Sources */,
				5DBE04A01ECC54DE005EC7A2 /* ComplainListingCell.m in Sources */,
				5DD316651EC5B15C008FF487 /* Webservice.m in Sources */,
				5D8F63AB1EC9B22A00111138 /* SCLSwitchView.m in Sources */,
				5D984B3C1EF39DA70074E29C /* TenantsListViewController.m in Sources */,
				5DD3165A1EC5AF6A008FF487 /* LoginViewController.m in Sources */,
				5DB1689B1ECE9DF300E0A8E2 /* SWRevealViewController.m in Sources */,
				5DB168961ECE9DCC00E0A8E2 /* SidebarViewController.m in Sources */,
				5D8F63AA1EC9B22A00111138 /* SCLTextView.m in Sources */,
				5DC0478D1EDC3FD400B31D51 /* CommentsModel.m in Sources */,
				5DCE18571ECC79E900F542BE /* UserProfileViewController.m in Sources */,
				5D8F63A81EC9B22A00111138 /* SCLAlertViewStyleKit.m in Sources */,
				5D3DA8221ED7F14A00AD0435 /* AddComplainModel.m in Sources */,
				5D8F63A71EC9B22A00111138 /* SCLAlertViewResponder.m in Sources */,
				5D965A811ECD57D900748EAC /* AddComplainCell.m in Sources */,
				5DBE049F1ECC54DE005EC7A2 /* ComplainListingViewController.m in Sources */,
				5DD3165F1EC5AF91008FF487 /* ForgotPasswordViewController.m in Sources */,
				5D984B451EF3AB060074E29C /* TenantsListModel.m in Sources */,
				5D3DA8251ED824E600AD0435 /* ComplaintDetailViewController.m in Sources */,
				5DD316371EC5AE04008FF487 /* UncaughtExceptionHandler.m in Sources */,
				5D864D0E1ECAFEA5007FFC16 /* ComplainService.m in Sources */,
				5D864D191ECB170C007FFC16 /* GlobalViewController.m in Sources */,
				5DCE185B1ECC7A8F00F542BE /* AddComplainViewController.m in Sources */,
				5D984B4A1EF3D0CC0074E29C /* ProfileTableCell.m in Sources */,
				5D8F63A91EC9B22A00111138 /* SCLTimerDisplay.m in Sources */,
				5D7549811ECC5FBA00A775E4 /* NSString+CustomString.m in Sources */,
				5DD316551EC5AF25008FF487 /* BSKeyboardControls.m in Sources */,
				5D8F63A61EC9B22A00111138 /* SCLButton.m in Sources */,
				5DB1689F1ECEB46B00E0A8E2 /* ChangePasswordViewController.m in Sources */,
				5D47F5E41EFBF30100E20697 /* SidebarCell.m in Sources */,
				5D4E1C021ED2EE44008B68F4 /* UIView+Toast.m in Sources */,
				5DD316141EC5AC80008FF487 /* AppDelegate.m in Sources */,
				5DCE88B81F0E1DDE001DD526 /* UIImage+UIImage_fixOrientation.m in Sources */,
				5D864D0A1ECADE97007FFC16 /* ComplainListDataModel.m in Sources */,
				5D8F63AE1EC9B35B00111138 /* UIImage+ImageEffects.m in Sources */,
				5DD316421EC5AECA008FF487 /* UIView+RoundedCorner.m in Sources */,
				5DD316511EC5AF10008FF487 /* MMMaterialDesignSpinner.m in Sources */,
				5D984B4E1EF3D8540074E29C /* ProfileDataModel.m in Sources */,
				5DD316341EC5ADF8008FF487 /* UserDefaultManager.m in Sources */,
				5DD316491EC5AEE4008FF487 /* UIPlaceHolderTextView.m in Sources */,
				5D61ADC91F2F3FA600AC1DF2 /* ImagePreviewViewController.m in Sources */,
				5DD3166A1EC5C2E9008FF487 /* UserService.m in Sources */,
				5D4E1C0E1ED30687008B68F4 /* ComplainDetailCell.m in Sources */,
				5D8F63A51EC9B22A00111138 /* SCLAlertView.m in Sources */,
				5DD316111EC5AC80008FF487 /* main.m in Sources */,
			);
			runOnlyForDeploymentPostprocessing = 0;
		};
/* End PBXSourcesBuildPhase section */

/* Begin PBXVariantGroup section */
		5DD316181EC5AC80008FF487 /* Main.storyboard */ = {
			isa = PBXVariantGroup;
			children = (
				5DD316191EC5AC80008FF487 /* Base */,
			);
			name = Main.storyboard;
			sourceTree = "<group>";
		};
/* End PBXVariantGroup section */

/* Begin XCBuildConfiguration section */
		5DD316211EC5AC80008FF487 /* Debug */ = {
			isa = XCBuildConfiguration;
			buildSettings = {
				ALWAYS_SEARCH_USER_PATHS = NO;
				CLANG_ANALYZER_NONNULL = YES;
				CLANG_CXX_LANGUAGE_STANDARD = "gnu++0x";
				CLANG_CXX_LIBRARY = "libc++";
				CLANG_ENABLE_MODULES = YES;
				CLANG_ENABLE_OBJC_ARC = YES;
				CLANG_WARN_BOOL_CONVERSION = YES;
				CLANG_WARN_CONSTANT_CONVERSION = YES;
				CLANG_WARN_DIRECT_OBJC_ISA_USAGE = YES_ERROR;
				CLANG_WARN_DOCUMENTATION_COMMENTS = YES;
				CLANG_WARN_EMPTY_BODY = YES;
				CLANG_WARN_ENUM_CONVERSION = YES;
				CLANG_WARN_INFINITE_RECURSION = YES;
				CLANG_WARN_INT_CONVERSION = YES;
				CLANG_WARN_OBJC_ROOT_CLASS = YES_ERROR;
				CLANG_WARN_SUSPICIOUS_MOVE = YES;
				CLANG_WARN_UNREACHABLE_CODE = YES;
				CLANG_WARN__DUPLICATE_METHOD_MATCH = YES;
				CODE_SIGN_IDENTITY = "iPhone Distribution: Ranosys Technologies Pte Ltd";
				"CODE_SIGN_IDENTITY[sdk=iphoneos*]" = "iPhone Distribution: Ranosys Technologies Pte Ltd";
				COPY_PHASE_STRIP = NO;
				DEBUG_INFORMATION_FORMAT = dwarf;
				ENABLE_STRICT_OBJC_MSGSEND = YES;
				ENABLE_TESTABILITY = YES;
				GCC_C_LANGUAGE_STANDARD = gnu99;
				GCC_DYNAMIC_NO_PIC = NO;
				GCC_NO_COMMON_BLOCKS = YES;
				GCC_OPTIMIZATION_LEVEL = 0;
				GCC_PREPROCESSOR_DEFINITIONS = (
					"DEBUG=1",
					"$(inherited)",
				);
				GCC_WARN_64_TO_32_BIT_CONVERSION = YES;
				GCC_WARN_ABOUT_RETURN_TYPE = YES_ERROR;
				GCC_WARN_UNDECLARED_SELECTOR = YES;
				GCC_WARN_UNINITIALIZED_AUTOS = YES_AGGRESSIVE;
				GCC_WARN_UNUSED_FUNCTION = YES;
				GCC_WARN_UNUSED_VARIABLE = YES;
				IPHONEOS_DEPLOYMENT_TARGET = 10.2;
				MTL_ENABLE_DEBUG_INFO = YES;
				ONLY_ACTIVE_ARCH = YES;
				SDKROOT = iphoneos;
			};
			name = Debug;
		};
		5DD316221EC5AC80008FF487 /* Release */ = {
			isa = XCBuildConfiguration;
			buildSettings = {
				ALWAYS_SEARCH_USER_PATHS = NO;
				CLANG_ANALYZER_NONNULL = YES;
				CLANG_CXX_LANGUAGE_STANDARD = "gnu++0x";
				CLANG_CXX_LIBRARY = "libc++";
				CLANG_ENABLE_MODULES = YES;
				CLANG_ENABLE_OBJC_ARC = YES;
				CLANG_WARN_BOOL_CONVERSION = YES;
				CLANG_WARN_CONSTANT_CONVERSION = YES;
				CLANG_WARN_DIRECT_OBJC_ISA_USAGE = YES_ERROR;
				CLANG_WARN_DOCUMENTATION_COMMENTS = YES;
				CLANG_WARN_EMPTY_BODY = YES;
				CLANG_WARN_ENUM_CONVERSION = YES;
				CLANG_WARN_INFINITE_RECURSION = YES;
				CLANG_WARN_INT_CONVERSION = YES;
				CLANG_WARN_OBJC_ROOT_CLASS = YES_ERROR;
				CLANG_WARN_SUSPICIOUS_MOVE = YES;
				CLANG_WARN_UNREACHABLE_CODE = YES;
				CLANG_WARN__DUPLICATE_METHOD_MATCH = YES;
				CODE_SIGN_IDENTITY = "iPhone Distribution: Ranosys Technologies Pte Ltd";
				"CODE_SIGN_IDENTITY[sdk=iphoneos*]" = "iPhone Distribution: Ranosys Technologies Pte Ltd";
				COPY_PHASE_STRIP = NO;
				DEBUG_INFORMATION_FORMAT = "dwarf-with-dsym";
				ENABLE_NS_ASSERTIONS = NO;
				ENABLE_STRICT_OBJC_MSGSEND = YES;
				GCC_C_LANGUAGE_STANDARD = gnu99;
				GCC_NO_COMMON_BLOCKS = YES;
				GCC_WARN_64_TO_32_BIT_CONVERSION = YES;
				GCC_WARN_ABOUT_RETURN_TYPE = YES_ERROR;
				GCC_WARN_UNDECLARED_SELECTOR = YES;
				GCC_WARN_UNINITIALIZED_AUTOS = YES_AGGRESSIVE;
				GCC_WARN_UNUSED_FUNCTION = YES;
				GCC_WARN_UNUSED_VARIABLE = YES;
				IPHONEOS_DEPLOYMENT_TARGET = 10.2;
				MTL_ENABLE_DEBUG_INFO = NO;
				SDKROOT = iphoneos;
				VALIDATE_PRODUCT = YES;
			};
			name = Release;
		};
		5DD316241EC5AC80008FF487 /* Debug */ = {
			isa = XCBuildConfiguration;
			baseConfigurationReference = 6ADE74EED77968A5D6227DF3 /* Pods-ComplainManager.debug.xcconfig */;
			buildSettings = {
				ASSETCATALOG_COMPILER_APPICON_NAME = AppIcon;
				ASSETCATALOG_COMPILER_LAUNCHIMAGE_NAME = LaunchImage;
				CODE_SIGN_ENTITLEMENTS = ComplainManager/ComplainManager.entitlements;
				"CODE_SIGN_IDENTITY[sdk=iphoneos*]" = "iPhone Distribution: Ranosys Technologies Pte Ltd";
				DEVELOPMENT_TEAM = M8A7BYS443;
				GCC_PREFIX_HEADER = ComplainManager/ComplainManager.pch;
				INFOPLIST_FILE = ComplainManager/Info.plist;
				IPHONEOS_DEPLOYMENT_TARGET = 8.0;
				LD_RUNPATH_SEARCH_PATHS = "$(inherited) @executable_path/Frameworks";
				PRODUCT_BUNDLE_IDENTIFIER = com.ranosys.ComplaintsTracking;
				PRODUCT_NAME = "$(TARGET_NAME)";
				PROVISIONING_PROFILE = "eda3715b-8ba3-484d-9bb6-0bca581c3d52";
				PROVISIONING_PROFILE_SPECIFIER = Complaints_Tracking_iPhone_App_17May2017;
			};
			name = Debug;
		};
		5DD316251EC5AC80008FF487 /* Release */ = {
			isa = XCBuildConfiguration;
			baseConfigurationReference = C2227B00158D3FC418BA2FE7 /* Pods-ComplainManager.release.xcconfig */;
			buildSettings = {
				ASSETCATALOG_COMPILER_APPICON_NAME = AppIcon;
				ASSETCATALOG_COMPILER_LAUNCHIMAGE_NAME = LaunchImage;
				CODE_SIGN_ENTITLEMENTS = ComplainManager/ComplainManager.entitlements;
				CODE_SIGN_IDENTITY = "iPhone Distribution: Ranosys Technologies Pte Ltd";
				"CODE_SIGN_IDENTITY[sdk=iphoneos*]" = "iPhone Distribution: Ranosys Technologies Pte Ltd";
				DEVELOPMENT_TEAM = M8A7BYS443;
				GCC_PREFIX_HEADER = ComplainManager/ComplainManager.pch;
				INFOPLIST_FILE = ComplainManager/Info.plist;
				IPHONEOS_DEPLOYMENT_TARGET = 8.0;
				LD_RUNPATH_SEARCH_PATHS = "$(inherited) @executable_path/Frameworks";
				PRODUCT_BUNDLE_IDENTIFIER = com.ranosys.ComplaintsTracking;
				PRODUCT_NAME = "$(TARGET_NAME)";
				PROVISIONING_PROFILE = "eda3715b-8ba3-484d-9bb6-0bca581c3d52";
				PROVISIONING_PROFILE_SPECIFIER = Complaints_Tracking_iPhone_App_17May2017;
			};
			name = Release;
		};
/* End XCBuildConfiguration section */

/* Begin XCConfigurationList section */
		5DD316071EC5AC80008FF487 /* Build configuration list for PBXProject "ComplainManager" */ = {
			isa = XCConfigurationList;
			buildConfigurations = (
				5DD316211EC5AC80008FF487 /* Debug */,
				5DD316221EC5AC80008FF487 /* Release */,
			);
			defaultConfigurationIsVisible = 0;
			defaultConfigurationName = Release;
		};
		5DD316231EC5AC80008FF487 /* Build configuration list for PBXNativeTarget "ComplainManager" */ = {
			isa = XCConfigurationList;
			buildConfigurations = (
				5DD316241EC5AC80008FF487 /* Debug */,
				5DD316251EC5AC80008FF487 /* Release */,
			);
			defaultConfigurationIsVisible = 0;
			defaultConfigurationName = Release;
		};
/* End XCConfigurationList section */
	};
	rootObject = 5DD316041EC5AC80008FF487 /* Project object */;
}
